# This file is automatically @generated by Cargo.
# It is not intended for manual editing.
version = 4

[[package]]
name = "ai-runtime"
version = "0.1.0"

[[package]]
name = "bcib"
version = "0.1.0"

[[package]]
name = "bcib-runtime"
version = "0.1.0"
dependencies = [
 "bcib",
 "dsl-parser",
]

[[package]]
name = "dsl-parser"
version = "0.1.0"
